
Microsoft Visual Studio Solution File, Format Version 12.00
# Visual Studio 15
VisualStudioVersion = 15.0.28307.421
MinimumVisualStudioVersion = 10.0.40219.1
Project("{FAE04EC0-301F-11D3-BF4B-00C04F79EFBC}") = "01.NameSelector", "01.NameSelector\01.NameSelector.csproj", "{328EDA7B-A82A-43D8-BF8F-F63F90FA694E}"
EndProject
Global
	GlobalSection(SolutionConfigurationPlatforms) = preSolution
		Debug|Any CPU = Debug|Any CPU
		Release|Any CPU = Release|Any CPU
	EndGlobalSection
	GlobalSection(ProjectConfigurationPlatforms) = postSolution
		{328EDA7B-A82A-43D8-BF8F-F63F90FA694E}.Debug|Any CPU.ActiveCfg = Debug|Any CPU
		{328EDA7B-A82A-43D8-BF8F-F63F90FA694E}.Debug|Any CPU.Build.0 = Debug|Any CPU
		{328EDA7B-A82A-43D8-BF8F-F63F90FA694E}.Release|Any CPU.ActiveCfg = Release|Any CPU
		{328EDA7B-A82A-43D8-BF8F-F63F90FA694E}.Release|Any CPU.Build.0 = Release|Any CPU
	EndGlobalSection
	GlobalSection(SolutionProperties) = preSolution
		HideSolutionNode = FALSE
	EndGlobalSection
	GlobalSection(ExtensibilityGlobals) = postSolution
		SolutionGuid = {5F28EDA5-45C8-4CC9-B321-3073E7122FFB}
	EndGlobalSection
EndGlobal
